
Microsoft Visual Studio Solution File, Format Version 12.00
# Visual Studio Version 17
VisualStudioVersion = 17.7.34031.279
MinimumVisualStudioVersion = 10.0.40219.1
Project("{FAE04EC0-301F-11D3-BF4B-00C04F79EFBC}") = "RuleOfThreeCalculator", "Teste 03\RuleOfThreeCalculator.csproj", "{DCD92CA8-E619-4453-9FC2-4EDC817E3199}"
EndProject
Global
	GlobalSection(SolutionConfigurationPlatforms) = preSolution
		Debug|Any CPU = Debug|Any CPU
		Release|Any CPU = Release|Any CPU
	EndGlobalSection
	GlobalSection(ProjectConfigurationPlatforms) = postSolution
		{DCD92CA8-E619-4453-9FC2-4EDC817E3199}.Debug|Any CPU.ActiveCfg = Debug|Any CPU
		{DCD92CA8-E619-4453-9FC2-4EDC817E3199}.Debug|Any CPU.Build.0 = Debug|Any CPU
		{DCD92CA8-E619-4453-9FC2-4EDC817E3199}.Release|Any CPU.ActiveCfg = Release|Any CPU
		{DCD92CA8-E619-4453-9FC2-4EDC817E3199}.Release|Any CPU.Build.0 = Release|Any CPU
	EndGlobalSection
	GlobalSection(SolutionProperties) = preSolution
		HideSolutionNode = FALSE
	EndGlobalSection
	GlobalSection(ExtensibilityGlobals) = postSolution
		SolutionGuid = {41ABF686-EA87-40DF-91C3-6EA67E6F0EEF}
	EndGlobalSection
EndGlobal
